# This file is automatically @generated by Cargo.
# It is not intended for manual editing.
version = 3

[[package]]
name = "jord"
version = "0.15.0"
source = "registry+https://github.com/rust-lang/crates.io-index"
checksum = "21ba07250c0c8b6528b781f12965d0854d3ea3b1e4804d3c3d263d4b4c8b2e2d"

[[package]]
name = "super_res"
version = "0.1.0"
dependencies = [
 "jord",
]
